{
  "nodes": {
    "filestash": {
      "flake": false,
      "locked": {
        "lastModified": 1666182059,
        "narHash": "sha256-wpS3Nozq8NgiaupC9Kg2p/WzlM+7b28+jyXF4z6DkV0=",
        "owner": "mickael-kerjean",
        "repo": "filestash",
        "rev": "bf2bca4cbb5ba57092c51c2163ea04cad987d0f3",
        "type": "github"
      },
      "original": {
        "owner": "mickael-kerjean",
        "repo": "filestash",
        "type": "github"
      }
    },
    "nixpkgs": {
      "locked": {
        "lastModified": 1684973047,
        "narHash": "sha256-ZLnSr35L6C49pCZS9fZCCqkIKNAeQzykov2QfosNG9w=",
        "owner": "NixOS",
        "repo": "nixpkgs",
        "rev": "21eb6c6ba74dcbe3ea5926ee46287300fb066630",
        "type": "github"
      },
      "original": {
        "owner": "NixOS",
        "ref": "nixpkgs-unstable",
        "repo": "nixpkgs",
        "type": "github"
      }
    },
    "npmlock2nix": {
      "flake": false,
      "locked": {
        "lastModified": 1637604723,
        "narHash": "sha256-TpBih5Yx0XGuCGypLvlxAMbIfkdmf5NaDxSS4vMmLfk=",
        "owner": "Sohalt",
        "repo": "npmlock2nix",
        "rev": "91bdfd4067aa7c0d3133ee157ccd8baf1921ffbb",
        "type": "github"
      },
      "original": {
        "owner": "Sohalt",
        "repo": "npmlock2nix",
        "rev": "91bdfd4067aa7c0d3133ee157ccd8baf1921ffbb",
        "type": "github"
      }
    },
    "parts": {
      "inputs": {
        "nixpkgs-lib": [
          "nixpkgs"
        ]
      },
      "locked": {
        "lastModified": 1665512413,
        "narHash": "sha256-IeuXVWD+VkmdVdC3d2i7mdEWhNSEvc2GUdui09zAGpE=",
        "owner": "hercules-ci",
        "repo": "flake-parts",
        "rev": "08ce9a42392cf8c7fdabf7c51069381ba5455dc7",
        "type": "github"
      },
      "original": {
        "owner": "hercules-ci",
        "repo": "flake-parts",
        "type": "github"
      }
    },
    "root": {
      "inputs": {
        "filestash": "filestash",
        "nixpkgs": "nixpkgs",
        "npmlock2nix": "npmlock2nix",
        "parts": "parts"
      }
    }
  },
  "root": "root",
  "version": 7
}
